// !$*UTF8*$!
{
	archiveVersion = 1;
	classes = {
	};
	objectVersion = 46;
	objects = {

/* Begin PBXBuildFile section */
		8F315FE61C8E97300052103F /* AppDelegate.swift in Sources */ = {isa = PBXBuildFile; fileRef = 8F315FE51C8E97300052103F /* AppDelegate.swift */; };
		8F315FE81C8E97300052103F /* ViewController.swift in Sources */ = {isa = PBXBuildFile; fileRef = 8F315FE71C8E97300052103F /* ViewController.swift */; };
		8F315FEB1C8E97300052103F /* Main.storyboard in Resources */ = {isa = PBXBuildFile; fileRef = 8F315FE91C8E97300052103F /* Main.storyboard */; };
		8F315FED1C8E97300052103F /* Assets.xcassets in Resources */ = {isa = PBXBuildFile; fileRef = 8F315FEC1C8E97300052103F /* Assets.xcassets */; };
		8F315FF01C8E97300052103F /* LaunchScreen.storyboard in Resources */ = {isa = PBXBuildFile; fileRef = 8F315FEE1C8E97300052103F /* LaunchScreen.storyboard */; };
		8F315FF81C8E9C470052103F /* VerticalCollectionViewCell.swift in Sources */ = {isa = PBXBuildFile; fileRef = 8F315FF71C8E9C470052103F /* VerticalCollectionViewCell.swift */; };
		8F315FFA1C8E9C5A0052103F /* HorizontalCollectionViewCell.swift in Sources */ = {isa = PBXBuildFile; fileRef = 8F315FF91C8E9C5A0052103F /* HorizontalCollectionViewCell.swift */; };
		8F315FFC1C8E9D640052103F /* NSTimerEx.swift in Sources */ = {isa = PBXBuildFile; fileRef = 8F315FFB1C8E9D640052103F /* NSTimerEx.swift */; };
		8F315FFF1C8E9F320052103F /* LoadMoreCollectionReusableView.swift in Sources */ = {isa = PBXBuildFile; fileRef = 8F315FFE1C8E9F320052103F /* LoadMoreCollectionReusableView.swift */; };
		8F3160011C8E9F830052103F /* Constants.swift in Sources */ = {isa = PBXBuildFile; fileRef = 8F3160001C8E9F830052103F /* Constants.swift */; };
/* End PBXBuildFile section */

/* Begin PBXFileReference section */
		8F315FE21C8E97300052103F /* InfiniteCollectionView.app */ = {isa = PBXFileReference; explicitFileType = wrapper.application; includeInIndex = 0; path = InfiniteCollectionView.app; sourceTree = BUILT_PRODUCTS_DIR; };
		8F315FE51C8E97300052103F /* AppDelegate.swift */ = {isa = PBXFileReference; lastKnownFileType = sourcecode.swift; path = AppDelegate.swift; sourceTree = "<group>"; };
		8F315FE71C8E97300052103F /* ViewController.swift */ = {isa = PBXFileReference; lastKnownFileType = sourcecode.swift; path = ViewController.swift; sourceTree = "<group>"; };
		8F315FEA1C8E97300052103F /* Base */ = {isa = PBXFileReference; lastKnownFileType = file.storyboard; name = Base; path = Base.lproj/Main.storyboard; sourceTree = "<group>"; };
		8F315FEC1C8E97300052103F /* Assets.xcassets */ = {isa = PBXFileReference; lastKnownFileType = folder.assetcatalog; path = Assets.xcassets; sourceTree = "<group>"; };
		8F315FEF1C8E97300052103F /* Base */ = {isa = PBXFileReference; lastKnownFileType = file.storyboard; name = Base; path = Base.lproj/LaunchScreen.storyboard; sourceTree = "<group>"; };
		8F315FF11C8E97300052103F /* Info.plist */ = {isa = PBXFileReference; lastKnownFileType = text.plist.xml; path = Info.plist; sourceTree = "<group>"; };
		8F315FF71C8E9C470052103F /* VerticalCollectionViewCell.swift */ = {isa = PBXFileReference; fileEncoding = 4; lastKnownFileType = sourcecode.swift; path = VerticalCollectionViewCell.swift; sourceTree = "<group>"; };
		8F315FF91C8E9C5A0052103F /* HorizontalCollectionViewCell.swift */ = {isa = PBXFileReference; fileEncoding = 4; lastKnownFileType = sourcecode.swift; path = HorizontalCollectionViewCell.swift; sourceTree = "<group>"; };
		8F315FFB1C8E9D640052103F /* NSTimerEx.swift */ = {isa = PBXFileReference; fileEncoding = 4; lastKnownFileType = sourcecode.swift; path = NSTimerEx.swift; sourceTree = "<group>"; };
		8F315FFE1C8E9F320052103F /* LoadMoreCollectionReusableView.swift */ = {isa = PBXFileReference; fileEncoding = 4; lastKnownFileType = sourcecode.swift; path = LoadMoreCollectionReusableView.swift; sourceTree = "<group>"; };
		8F3160001C8E9F830052103F /* Constants.swift */ = {isa = PBXFileReference; fileEncoding = 4; lastKnownFileType = sourcecode.swift; path = Constants.swift; sourceTree = "<group>"; };
/* End PBXFileReference section */

/* Begin PBXFrameworksBuildPhase section */
		8F315FDF1C8E97300052103F /* Frameworks */ = {
			isa = PBXFrameworksBuildPhase;
			buildActionMask = 2147483647;
			files = (
			);
			runOnlyForDeploymentPostprocessing = 0;
		};
/* End PBXFrameworksBuildPhase section */

/* Begin PBXGroup section */
		8F315FD91C8E972F0052103F = {
			isa = PBXGroup;
			children = (
				8F315FE41C8E97300052103F /* InfiniteCollectionView */,
				8F315FE31C8E97300052103F /* Products */,
			);
			sourceTree = "<group>";
		};
		8F315FE31C8E97300052103F /* Products */ = {
			isa = PBXGroup;
			children = (
				8F315FE21C8E97300052103F /* InfiniteCollectionView.app */,
			);
			name = Products;
			sourceTree = "<group>";
		};
		8F315FE41C8E97300052103F /* InfiniteCollectionView */ = {
			isa = PBXGroup;
			children = (
				8F315FE51C8E97300052103F /* AppDelegate.swift */,
				8F315FF71C8E9C470052103F /* VerticalCollectionViewCell.swift */,
				8F315FF91C8E9C5A0052103F /* HorizontalCollectionViewCell.swift */,
				8F315FFE1C8E9F320052103F /* LoadMoreCollectionReusableView.swift */,
				8F315FE71C8E97300052103F /* ViewController.swift */,
				8F3160001C8E9F830052103F /* Constants.swift */,
				8F315FFB1C8E9D640052103F /* NSTimerEx.swift */,
				8F315FE91C8E97300052103F /* Main.storyboard */,
				8F315FEC1C8E97300052103F /* Assets.xcassets */,
				8F315FEE1C8E97300052103F /* LaunchScreen.storyboard */,
				8F315FF11C8E97300052103F /* Info.plist */,
			);
			path = InfiniteCollectionView;
			sourceTree = "<group>";
		};
/* End PBXGroup section */

/* Begin PBXNativeTarget section */
		8F315FE11C8E97300052103F /* InfiniteCollectionView */ = {
			isa = PBXNativeTarget;
			buildConfigurationList = 8F315FF41C8E97300052103F /* Build configuration list for PBXNativeTarget "InfiniteCollectionView" */;
			buildPhases = (
				8F315FDE1C8E97300052103F /* Sources */,
				8F315FDF1C8E97300052103F /* Frameworks */,
				8F315FE01C8E97300052103F /* Resources */,
			);
			buildRules = (
			);
			dependencies = (
			);
			name = InfiniteCollectionView;
			productName = InfiniteCollectionView;
			productReference = 8F315FE21C8E97300052103F /* InfiniteCollectionView.app */;
			productType = "com.apple.product-type.application";
		};
/* End PBXNativeTarget section */

/* Begin PBXProject section */
		8F315FDA1C8E972F0052103F /* Project object */ = {
			isa = PBXProject;
			attributes = {
				LastSwiftUpdateCheck = 0720;
				LastUpgradeCheck = 0720;
				ORGANIZATIONNAME = ArunKumar.P;
				TargetAttributes = {
					8F315FE11C8E97300052103F = {
						CreatedOnToolsVersion = 7.2.1;
						LastSwiftMigration = 0820;
						ProvisioningStyle = Manual;
					};
				};
			};
			buildConfigurationList = 8F315FDD1C8E97300052103F /* Build configuration list for PBXProject "InfiniteCollectionView" */;
			compatibilityVersion = "Xcode 3.2";
			developmentRegion = English;
			hasScannedForEncodings = 0;
			knownRegions = (
				en,
				Base,
			);
			mainGroup = 8F315FD91C8E972F0052103F;
			productRefGroup = 8F315FE31C8E97300052103F /* Products */;
			projectDirPath = "";
			projectRoot = "";
			targets = (
				8F315FE11C8E97300052103F /* InfiniteCollectionView */,
			);
		};
/* End PBXProject section */

/* Begin PBXResourcesBuildPhase section */
		8F315FE01C8E97300052103F /* Resources */ = {
			isa = PBXResourcesBuildPhase;
			buildActionMask = 2147483647;
			files = (
				8F315FF01C8E97300052103F /* LaunchScreen.storyboard in Resources */,
				8F315FED1C8E97300052103F /* Assets.xcassets in Resources */,
				8F315FEB1C8E97300052103F /* Main.storyboard in Resources */,
			);
			runOnlyForDeploymentPostprocessing = 0;
		};
/* End PBXResourcesBuildPhase section */

/* Begin PBXSourcesBuildPhase section */
		8F315FDE1C8E97300052103F /* Sources */ = {
			isa = PBXSourcesBuildPhase;
			buildActionMask = 2147483647;
			files = (
				8F315FFF1C8E9F320052103F /* LoadMoreCollectionReusableView.swift in Sources */,
				8F315FE81C8E97300052103F /* ViewController.swift in Sources */,
				8F315FF81C8E9C470052103F /* VerticalCollectionViewCell.swift in Sources */,
				8F315FFA1C8E9C5A0052103F /* HorizontalCollectionViewCell.swift in Sources */,
				8F3160011C8E9F830052103F /* Constants.swift in Sources */,
				8F315FFC1C8E9D640052103F /* NSTimerEx.swift in Sources */,
				8F315FE61C8E97300052103F /* AppDelegate.swift in Sources */,
			);
			runOnlyForDeploymentPostprocessing = 0;
		};
/* End PBXSourcesBuildPhase section */

/* Begin PBXVariantGroup section */
		8F315FE91C8E97300052103F /* Main.storyboard */ = {
			isa = PBXVariantGroup;
			children = (
				8F315FEA1C8E97300052103F /* Base */,
			);
			name = Main.storyboard;
			sourceTree = "<group>";
		};
		8F315FEE1C8E97300052103F /* LaunchScreen.storyboard */ = {
			isa = PBXVariantGroup;
			children = (
				8F315FEF1C8E97300052103F /* Base */,
			);
			name = LaunchScreen.storyboard;
			sourceTree = "<group>";
		};
/* End PBXVariantGroup section */

/* Begin XCBuildConfiguration section */
		8F315FF21C8E97300052103F /* Debug */ = {
			isa = XCBuildConfiguration;
			buildSettings = {
				ALWAYS_SEARCH_USER_PATHS = NO;
				CLANG_CXX_LANGUAGE_STANDARD = "gnu++0x";
				CLANG_CXX_LIBRARY = "libc++";
				CLANG_ENABLE_MODULES = YES;
				CLANG_ENABLE_OBJC_ARC = YES;
				CLANG_WARN_BOOL_CONVERSION = YES;
				CLANG_WARN_CONSTANT_CONVERSION = YES;
				CLANG_WARN_DIRECT_OBJC_ISA_USAGE = YES_ERROR;
				CLANG_WARN_EMPTY_BODY = YES;
				CLANG_WARN_ENUM_CONVERSION = YES;
				CLANG_WARN_INT_CONVERSION = YES;
				CLANG_WARN_OBJC_ROOT_CLASS = YES_ERROR;
				CLANG_WARN_UNREACHABLE_CODE = YES;
				CLANG_WARN__DUPLICATE_METHOD_MATCH = YES;
				"CODE_SIGN_IDENTITY[sdk=iphoneos*]" = "iPhone Developer";
				COPY_PHASE_STRIP = NO;
				DEBUG_INFORMATION_FORMAT = dwarf;
				ENABLE_STRICT_OBJC_MSGSEND = YES;
				ENABLE_TESTABILITY = YES;
				GCC_C_LANGUAGE_STANDARD = gnu99;
				GCC_DYNAMIC_NO_PIC = NO;
				GCC_NO_COMMON_BLOCKS = YES;
				GCC_OPTIMIZATION_LEVEL = 0;
				GCC_PREPROCESSOR_DEFINITIONS = (
					"DEBUG=1",
					"$(inherited)",
				);
				GCC_WARN_64_TO_32_BIT_CONVERSION = YES;
				GCC_WARN_ABOUT_RETURN_TYPE = YES_ERROR;
				GCC_WARN_UNDECLARED_SELECTOR = YES;
				GCC_WARN_UNINITIALIZED_AUTOS = YES_AGGRESSIVE;
				GCC_WARN_UNUSED_FUNCTION = YES;
				GCC_WARN_UNUSED_VARIABLE = YES;
				IPHONEOS_DEPLOYMENT_TARGET = 9.2;
				MTL_ENABLE_DEBUG_INFO = YES;
				ONLY_ACTIVE_ARCH = YES;
				SDKROOT = iphoneos;
				SWIFT_OPTIMIZATION_LEVEL = "-Onone";
				TARGETED_DEVICE_FAMILY = "1,2";
			};
			name = Debug;
		};
		8F315FF31C8E97300052103F /* Release */ = {
			isa = XCBuildConfiguration;
			buildSettings = {
				ALWAYS_SEARCH_USER_PATHS = NO;
				CLANG_CXX_LANGUAGE_STANDARD = "gnu++0x";
				CLANG_CXX_LIBRARY = "libc++";
				CLANG_ENABLE_MODULES = YES;
				CLANG_ENABLE_OBJC_ARC = YES;
				CLANG_WARN_BOOL_CONVERSION = YES;
				CLANG_WARN_CONSTANT_CONVERSION = YES;
				CLANG_WARN_DIRECT_OBJC_ISA_USAGE = YES_ERROR;
				CLANG_WARN_EMPTY_BODY = YES;
				CLANG_WARN_ENUM_CONVERSION = YES;
				CLANG_WARN_INT_CONVERSION = YES;
				CLANG_WARN_OBJC_ROOT_CLASS = YES_ERROR;
				CLANG_WARN_UNREACHABLE_CODE = YES;
				CLANG_WARN__DUPLICATE_METHOD_MATCH = YES;
				"CODE_SIGN_IDENTITY[sdk=iphoneos*]" = "iPhone Developer";
				COPY_PHASE_STRIP = NO;
				DEBUG_INFORMATION_FORMAT = "dwarf-with-dsym";
				ENABLE_NS_ASSERTIONS = NO;
				ENABLE_STRICT_OBJC_MSGSEND = YES;
				GCC_C_LANGUAGE_STANDARD = gnu99;
				GCC_NO_COMMON_BLOCKS = YES;
				GCC_WARN_64_TO_32_BIT_CONVERSION = YES;
				GCC_WARN_ABOUT_RETURN_TYPE = YES_ERROR;
				GCC_WARN_UNDECLARED_SELECTOR = YES;
				GCC_WARN_UNINITIALIZED_AUTOS = YES_AGGRESSIVE;
				GCC_WARN_UNUSED_FUNCTION = YES;
				GCC_WARN_UNUSED_VARIABLE = YES;
				IPHONEOS_DEPLOYMENT_TARGET = 9.2;
				MTL_ENABLE_DEBUG_INFO = NO;
				SDKROOT = iphoneos;
				TARGETED_DEVICE_FAMILY = "1,2";
				VALIDATE_PRODUCT = YES;
			};
			name = Release;
		};
		8F315FF51C8E97300052103F /* Debug */ = {
			isa = XCBuildConfiguration;
			buildSettings = {
				ASSETCATALOG_COMPILER_APPICON_NAME = AppIcon;
				DEVELOPMENT_TEAM = "";
				INFOPLIST_FILE = InfiniteCollectionView/Info.plist;
				IPHONEOS_DEPLOYMENT_TARGET = 8.1;
				LD_RUNPATH_SEARCH_PATHS = "$(inherited) @executable_path/Frameworks";
				PRODUCT_BUNDLE_IDENTIFIER = com.tma.InfiniteCollectionView;
				PRODUCT_NAME = "$(TARGET_NAME)";
				SWIFT_VERSION = 3.0;
			};
			name = Debug;
		};
		8F315FF61C8E97300052103F /* Release */ = {
			isa = XCBuildConfiguration;
			buildSettings = {
				ASSETCATALOG_COMPILER_APPICON_NAME = AppIcon;
				DEVELOPMENT_TEAM = "";
				INFOPLIST_FILE = InfiniteCollectionView/Info.plist;
				IPHONEOS_DEPLOYMENT_TARGET = 8.1;
				LD_RUNPATH_SEARCH_PATHS = "$(inherited) @executable_path/Frameworks";
				PRODUCT_BUNDLE_IDENTIFIER = com.tma.InfiniteCollectionView;
				PRODUCT_NAME = "$(TARGET_NAME)";
				SWIFT_VERSION = 3.0;
			};
			name = Release;
		};
/* End XCBuildConfiguration section */

/* Begin XCConfigurationList section */
		8F315FDD1C8E97300052103F /* Build configuration list for PBXProject "InfiniteCollectionView" */ = {
			isa = XCConfigurationList;
			buildConfigurations = (
				8F315FF21C8E97300052103F /* Debug */,
				8F315FF31C8E97300052103F /* Release */,
			);
			defaultConfigurationIsVisible = 0;
			defaultConfigurationName = Release;
		};
		8F315FF41C8E97300052103F /* Build configuration list for PBXNativeTarget "InfiniteCollectionView" */ = {
			isa = XCConfigurationList;
			buildConfigurations = (
				8F315FF51C8E97300052103F /* Debug */,
				8F315FF61C8E97300052103F /* Release */,
			);
			defaultConfigurationIsVisible = 0;
			defaultConfigurationName = Release;
		};
/* End XCConfigurationList section */
	};
	rootObject = 8F315FDA1C8E972F0052103F /* Project object */;
}
